
Microsoft Visual Studio Solution File, Format Version 12.00
# Visual Studio Version 16
VisualStudioVersion = 16.0.28803.352
MinimumVisualStudioVersion = 10.0.40219.1
Project("{778DAE3C-4631-46EA-AA77-85C1314464D9}") = "3_01.Comparar", "3_01.Comparar\3_01.Comparar.vbproj", "{2FB0BB72-E6CE-4BCA-AC5B-21FDB604EBAB}"
EndProject
Project("{778DAE3C-4631-46EA-AA77-85C1314464D9}") = "3_02.Menor", "3_02.Menor\3_02.Menor.vbproj", "{48ED5430-1BA7-46FC-964F-9113754197E7}"
EndProject
Project("{778DAE3C-4631-46EA-AA77-85C1314464D9}") = "3_03.Tercero", "3_03.Tercero\3_03.Tercero.vbproj", "{62FF7126-5A77-4E6E-AB99-55F0DE9FFCA6}"
EndProject
Project("{778DAE3C-4631-46EA-AA77-85C1314464D9}") = "3_04.Venta", "3_04.Venta\3_04.Venta.vbproj", "{B1DD71EA-5848-4D7C-B7DA-A1BC522E4FEC}"
EndProject
Project("{778DAE3C-4631-46EA-AA77-85C1314464D9}") = "3_05.NombreMes", "3_05.NombreMes\3_05.NombreMes.vbproj", "{AD7A42CC-D3D7-4A91-8939-F5BBDC07B5B4}"
EndProject
Project("{778DAE3C-4631-46EA-AA77-85C1314464D9}") = "3_06.Venta2.0", "3_06.Venta2.0\3_06.Venta2.0.vbproj", "{730FB832-74D4-4A86-8FCF-620E17F76482}"
EndProject
Project("{778DAE3C-4631-46EA-AA77-85C1314464D9}") = "3_07.Angulo", "3_07.Angulo\3_07.Angulo.vbproj", "{E9E27408-B772-4BA8-8551-76B94DAB08D1}"
EndProject
Project("{778DAE3C-4631-46EA-AA77-85C1314464D9}") = "3_08.DiasMes", "3_08.DiasMes\3_08.DiasMes.vbproj", "{F38DD2F3-9777-4363-9EFC-C8519E02C066}"
EndProject
Project("{778DAE3C-4631-46EA-AA77-85C1314464D9}") = "3_09.ConversionMedidas", "3_09.ConversionMedidas\3_09.ConversionMedidas.vbproj", "{F6EF813D-F39F-4C4A-A5FF-0F478D290947}"
EndProject
Project("{778DAE3C-4631-46EA-AA77-85C1314464D9}") = "3_10.MultiplosCinco", "3_10.MultiplosCinco\3_10.MultiplosCinco.vbproj", "{0AA6AABC-F706-4157-AF2B-EAF642FF63BC}"
EndProject
Project("{778DAE3C-4631-46EA-AA77-85C1314464D9}") = "3_11.ParesImpares", "3_11.ParesImpares\3_11.ParesImpares.vbproj", "{D4F8BACF-8C8F-4A04-BF9F-46B15DA7A0D6}"
EndProject
Project("{778DAE3C-4631-46EA-AA77-85C1314464D9}") = "3_12.Fibonacci", "3_12.Fibonacci\3_12.Fibonacci.vbproj", "{D7080EF8-911A-4BCD-B621-8D9438949834}"
EndProject
Project("{778DAE3C-4631-46EA-AA77-85C1314464D9}") = "3_13.Primos", "3_13.Primos\3_13.Primos.vbproj", "{8F5600BD-CD2A-42FD-B8DB-1C5789FB70F8}"
EndProject
Project("{778DAE3C-4631-46EA-AA77-85C1314464D9}") = "3_14.Descuento", "3_14.Descuento\3_14.Descuento.vbproj", "{F6708E13-A8AF-464B-915A-002C7C23B4E0}"
EndProject
Project("{778DAE3C-4631-46EA-AA77-85C1314464D9}") = "3_15.Deposito", "3_15.Deposito\3_15.Deposito.vbproj", "{401D63A7-B248-48DB-941C-8F05D6BF0E4D}"
EndProject
Project("{778DAE3C-4631-46EA-AA77-85C1314464D9}") = "3_16.Operaciones", "3_16.Operaciones\3_16.Operaciones.vbproj", "{1C8B5628-4D1F-4E65-AE28-C1173841ED74}"
EndProject
Project("{778DAE3C-4631-46EA-AA77-85C1314464D9}") = "3_17.OperacionesV2", "3_17.OperacionesV2\3_17.OperacionesV2.vbproj", "{1E28FF1D-50B4-4EAA-A0F8-54836EA8FE2F}"
EndProject
Project("{F184B08F-C81C-45F6-A57F-5ABD9991F28F}") = "3_18.HipotenusaV2", "3_18.HipotenusaV2\3_18.HipotenusaV2.vbproj", "{6DB52A15-EF79-46D1-A0EF-E707D08325E6}"
EndProject
Project("{F184B08F-C81C-45F6-A57F-5ABD9991F28F}") = "3_19.VolumenCilindroV2", "3_19.VolumenCilindroV2\3_19.VolumenCilindroV2.vbproj", "{8BBEB4DF-1EDB-4D3B-BC90-E527BBC1825A}"
EndProject
Project("{F184B08F-C81C-45F6-A57F-5ABD9991F28F}") = "3_20.NumeroN", "3_20.NumeroN\3_20.NumeroN.vbproj", "{41B48E5D-3A45-413E-9B25-4C99DA5F7392}"
EndProject
Global
	GlobalSection(SolutionConfigurationPlatforms) = preSolution
		Debug|Any CPU = Debug|Any CPU
		Release|Any CPU = Release|Any CPU
	EndGlobalSection
	GlobalSection(ProjectConfigurationPlatforms) = postSolution
		{2FB0BB72-E6CE-4BCA-AC5B-21FDB604EBAB}.Debug|Any CPU.ActiveCfg = Debug|Any CPU
		{2FB0BB72-E6CE-4BCA-AC5B-21FDB604EBAB}.Debug|Any CPU.Build.0 = Debug|Any CPU
		{2FB0BB72-E6CE-4BCA-AC5B-21FDB604EBAB}.Release|Any CPU.ActiveCfg = Release|Any CPU
		{2FB0BB72-E6CE-4BCA-AC5B-21FDB604EBAB}.Release|Any CPU.Build.0 = Release|Any CPU
		{48ED5430-1BA7-46FC-964F-9113754197E7}.Debug|Any CPU.ActiveCfg = Debug|Any CPU
		{48ED5430-1BA7-46FC-964F-9113754197E7}.Debug|Any CPU.Build.0 = Debug|Any CPU
		{48ED5430-1BA7-46FC-964F-9113754197E7}.Release|Any CPU.ActiveCfg = Release|Any CPU
		{48ED5430-1BA7-46FC-964F-9113754197E7}.Release|Any CPU.Build.0 = Release|Any CPU
		{62FF7126-5A77-4E6E-AB99-55F0DE9FFCA6}.Debug|Any CPU.ActiveCfg = Debug|Any CPU
		{62FF7126-5A77-4E6E-AB99-55F0DE9FFCA6}.Debug|Any CPU.Build.0 = Debug|Any CPU
		{62FF7126-5A77-4E6E-AB99-55F0DE9FFCA6}.Release|Any CPU.ActiveCfg = Release|Any CPU
		{62FF7126-5A77-4E6E-AB99-55F0DE9FFCA6}.Release|Any CPU.Build.0 = Release|Any CPU
		{B1DD71EA-5848-4D7C-B7DA-A1BC522E4FEC}.Debug|Any CPU.ActiveCfg = Debug|Any CPU
		{B1DD71EA-5848-4D7C-B7DA-A1BC522E4FEC}.Debug|Any CPU.Build.0 = Debug|Any CPU
		{B1DD71EA-5848-4D7C-B7DA-A1BC522E4FEC}.Release|Any CPU.ActiveCfg = Release|Any CPU
		{B1DD71EA-5848-4D7C-B7DA-A1BC522E4FEC}.Release|Any CPU.Build.0 = Release|Any CPU
		{AD7A42CC-D3D7-4A91-8939-F5BBDC07B5B4}.Debug|Any CPU.ActiveCfg = Debug|Any CPU
		{AD7A42CC-D3D7-4A91-8939-F5BBDC07B5B4}.Debug|Any CPU.Build.0 = Debug|Any CPU
		{AD7A42CC-D3D7-4A91-8939-F5BBDC07B5B4}.Release|Any CPU.ActiveCfg = Release|Any CPU
		{AD7A42CC-D3D7-4A91-8939-F5BBDC07B5B4}.Release|Any CPU.Build.0 = Release|Any CPU
		{730FB832-74D4-4A86-8FCF-620E17F76482}.Debug|Any CPU.ActiveCfg = Debug|Any CPU
		{730FB832-74D4-4A86-8FCF-620E17F76482}.Debug|Any CPU.Build.0 = Debug|Any CPU
		{730FB832-74D4-4A86-8FCF-620E17F76482}.Release|Any CPU.ActiveCfg = Release|Any CPU
		{730FB832-74D4-4A86-8FCF-620E17F76482}.Release|Any CPU.Build.0 = Release|Any CPU
		{E9E27408-B772-4BA8-8551-76B94DAB08D1}.Debug|Any CPU.ActiveCfg = Debug|Any CPU
		{E9E27408-B772-4BA8-8551-76B94DAB08D1}.Debug|Any CPU.Build.0 = Debug|Any CPU
		{E9E27408-B772-4BA8-8551-76B94DAB08D1}.Release|Any CPU.ActiveCfg = Release|Any CPU
		{E9E27408-B772-4BA8-8551-76B94DAB08D1}.Release|Any CPU.Build.0 = Release|Any CPU
		{F38DD2F3-9777-4363-9EFC-C8519E02C066}.Debug|Any CPU.ActiveCfg = Debug|Any CPU
		{F38DD2F3-9777-4363-9EFC-C8519E02C066}.Debug|Any CPU.Build.0 = Debug|Any CPU
		{F38DD2F3-9777-4363-9EFC-C8519E02C066}.Release|Any CPU.ActiveCfg = Release|Any CPU
		{F38DD2F3-9777-4363-9EFC-C8519E02C066}.Release|Any CPU.Build.0 = Release|Any CPU
		{F6EF813D-F39F-4C4A-A5FF-0F478D290947}.Debug|Any CPU.ActiveCfg = Debug|Any CPU
		{F6EF813D-F39F-4C4A-A5FF-0F478D290947}.Debug|Any CPU.Build.0 = Debug|Any CPU
		{F6EF813D-F39F-4C4A-A5FF-0F478D290947}.Release|Any CPU.ActiveCfg = Release|Any CPU
		{F6EF813D-F39F-4C4A-A5FF-0F478D290947}.Release|Any CPU.Build.0 = Release|Any CPU
		{0AA6AABC-F706-4157-AF2B-EAF642FF63BC}.Debug|Any CPU.ActiveCfg = Debug|Any CPU
		{0AA6AABC-F706-4157-AF2B-EAF642FF63BC}.Debug|Any CPU.Build.0 = Debug|Any CPU
		{0AA6AABC-F706-4157-AF2B-EAF642FF63BC}.Release|Any CPU.ActiveCfg = Release|Any CPU
		{0AA6AABC-F706-4157-AF2B-EAF642FF63BC}.Release|Any CPU.Build.0 = Release|Any CPU
		{D4F8BACF-8C8F-4A04-BF9F-46B15DA7A0D6}.Debug|Any CPU.ActiveCfg = Debug|Any CPU
		{D4F8BACF-8C8F-4A04-BF9F-46B15DA7A0D6}.Debug|Any CPU.Build.0 = Debug|Any CPU
		{D4F8BACF-8C8F-4A04-BF9F-46B15DA7A0D6}.Release|Any CPU.ActiveCfg = Release|Any CPU
		{D4F8BACF-8C8F-4A04-BF9F-46B15DA7A0D6}.Release|Any CPU.Build.0 = Release|Any CPU
		{D7080EF8-911A-4BCD-B621-8D9438949834}.Debug|Any CPU.ActiveCfg = Debug|Any CPU
		{D7080EF8-911A-4BCD-B621-8D9438949834}.Debug|Any CPU.Build.0 = Debug|Any CPU
		{D7080EF8-911A-4BCD-B621-8D9438949834}.Release|Any CPU.ActiveCfg = Release|Any CPU
		{D7080EF8-911A-4BCD-B621-8D9438949834}.Release|Any CPU.Build.0 = Release|Any CPU
		{8F5600BD-CD2A-42FD-B8DB-1C5789FB70F8}.Debug|Any CPU.ActiveCfg = Debug|Any CPU
		{8F5600BD-CD2A-42FD-B8DB-1C5789FB70F8}.Debug|Any CPU.Build.0 = Debug|Any CPU
		{8F5600BD-CD2A-42FD-B8DB-1C5789FB70F8}.Release|Any CPU.ActiveCfg = Release|Any CPU
		{8F5600BD-CD2A-42FD-B8DB-1C5789FB70F8}.Release|Any CPU.Build.0 = Release|Any CPU
		{F6708E13-A8AF-464B-915A-002C7C23B4E0}.Debug|Any CPU.ActiveCfg = Debug|Any CPU
		{F6708E13-A8AF-464B-915A-002C7C23B4E0}.Debug|Any CPU.Build.0 = Debug|Any CPU
		{F6708E13-A8AF-464B-915A-002C7C23B4E0}.Release|Any CPU.ActiveCfg = Release|Any CPU
		{F6708E13-A8AF-464B-915A-002C7C23B4E0}.Release|Any CPU.Build.0 = Release|Any CPU
		{401D63A7-B248-48DB-941C-8F05D6BF0E4D}.Debug|Any CPU.ActiveCfg = Debug|Any CPU
		{401D63A7-B248-48DB-941C-8F05D6BF0E4D}.Debug|Any CPU.Build.0 = Debug|Any CPU
		{401D63A7-B248-48DB-941C-8F05D6BF0E4D}.Release|Any CPU.ActiveCfg = Release|Any CPU
		{401D63A7-B248-48DB-941C-8F05D6BF0E4D}.Release|Any CPU.Build.0 = Release|Any CPU
		{1C8B5628-4D1F-4E65-AE28-C1173841ED74}.Debug|Any CPU.ActiveCfg = Debug|Any CPU
		{1C8B5628-4D1F-4E65-AE28-C1173841ED74}.Debug|Any CPU.Build.0 = Debug|Any CPU
		{1C8B5628-4D1F-4E65-AE28-C1173841ED74}.Release|Any CPU.ActiveCfg = Release|Any CPU
		{1C8B5628-4D1F-4E65-AE28-C1173841ED74}.Release|Any CPU.Build.0 = Release|Any CPU
		{1E28FF1D-50B4-4EAA-A0F8-54836EA8FE2F}.Debug|Any CPU.ActiveCfg = Debug|Any CPU
		{1E28FF1D-50B4-4EAA-A0F8-54836EA8FE2F}.Debug|Any CPU.Build.0 = Debug|Any CPU
		{1E28FF1D-50B4-4EAA-A0F8-54836EA8FE2F}.Release|Any CPU.ActiveCfg = Release|Any CPU
		{1E28FF1D-50B4-4EAA-A0F8-54836EA8FE2F}.Release|Any CPU.Build.0 = Release|Any CPU
		{6DB52A15-EF79-46D1-A0EF-E707D08325E6}.Debug|Any CPU.ActiveCfg = Debug|Any CPU
		{6DB52A15-EF79-46D1-A0EF-E707D08325E6}.Debug|Any CPU.Build.0 = Debug|Any CPU
		{6DB52A15-EF79-46D1-A0EF-E707D08325E6}.Release|Any CPU.ActiveCfg = Release|Any CPU
		{6DB52A15-EF79-46D1-A0EF-E707D08325E6}.Release|Any CPU.Build.0 = Release|Any CPU
		{8BBEB4DF-1EDB-4D3B-BC90-E527BBC1825A}.Debug|Any CPU.ActiveCfg = Debug|Any CPU
		{8BBEB4DF-1EDB-4D3B-BC90-E527BBC1825A}.Debug|Any CPU.Build.0 = Debug|Any CPU
		{8BBEB4DF-1EDB-4D3B-BC90-E527BBC1825A}.Release|Any CPU.ActiveCfg = Release|Any CPU
		{8BBEB4DF-1EDB-4D3B-BC90-E527BBC1825A}.Release|Any CPU.Build.0 = Release|Any CPU
		{41B48E5D-3A45-413E-9B25-4C99DA5F7392}.Debug|Any CPU.ActiveCfg = Debug|Any CPU
		{41B48E5D-3A45-413E-9B25-4C99DA5F7392}.Debug|Any CPU.Build.0 = Debug|Any CPU
		{41B48E5D-3A45-413E-9B25-4C99DA5F7392}.Release|Any CPU.ActiveCfg = Release|Any CPU
		{41B48E5D-3A45-413E-9B25-4C99DA5F7392}.Release|Any CPU.Build.0 = Release|Any CPU
	EndGlobalSection
	GlobalSection(SolutionProperties) = preSolution
		HideSolutionNode = FALSE
	EndGlobalSection
	GlobalSection(ExtensibilityGlobals) = postSolution
		SolutionGuid = {EEAA46DA-214C-47C4-800C-BA75EA7443AD}
	EndGlobalSection
EndGlobal
